<Project xmlns="http://schemas.microsoft.com/developer/msbuild/2003">
    <PropertyGroup>
        <ProjectGuid>{2439AF3B-FA38-457E-A6BE-5B2FCB82E56F}</ProjectGuid>
        <ProjectVersion>18.0</ProjectVersion>
        <FrameworkType>FMX</FrameworkType>
        <MainSource>Mo_HereMeet.dpr</MainSource>
        <Base>True</Base>
        <Config Condition="'$(Config)'==''">Release</Config>
        <Platform Condition="'$(Platform)'==''">Android</Platform>
        <TargetedPlatforms>19</TargetedPlatforms>
        <AppType>Application</AppType>
    </PropertyGroup>
    <PropertyGroup Condition="'$(Config)'=='Base' or '$(Base)'!=''">
        <Base>true</Base>
    </PropertyGroup>
    <PropertyGroup Condition="('$(Platform)'=='Android' and '$(Base)'=='true') or '$(Base_Android)'!=''">
        <Base_Android>true</Base_Android>
        <CfgParent>Base</CfgParent>
        <Base>true</Base>
    </PropertyGroup>
    <PropertyGroup Condition="('$(Platform)'=='Win32' and '$(Base)'=='true') or '$(Base_Win32)'!=''">
        <Base_Win32>true</Base_Win32>
        <CfgParent>Base</CfgParent>
        <Base>true</Base>
    </PropertyGroup>
    <PropertyGroup Condition="('$(Platform)'=='Win64' and '$(Base)'=='true') or '$(Base_Win64)'!=''">
        <Base_Win64>true</Base_Win64>
        <CfgParent>Base</CfgParent>
        <Base>true</Base>
    </PropertyGroup>
    <PropertyGroup Condition="'$(Config)'=='Debug' or '$(Cfg_1)'!=''">
        <Cfg_1>true</Cfg_1>
        <CfgParent>Base</CfgParent>
        <Base>true</Base>
    </PropertyGroup>
    <PropertyGroup Condition="('$(Platform)'=='Win32' and '$(Cfg_1)'=='true') or '$(Cfg_1_Win32)'!=''">
        <Cfg_1_Win32>true</Cfg_1_Win32>
        <CfgParent>Cfg_1</CfgParent>
        <Cfg_1>true</Cfg_1>
        <Base>true</Base>
    </PropertyGroup>
    <PropertyGroup Condition="('$(Platform)'=='Win64' and '$(Cfg_1)'=='true') or '$(Cfg_1_Win64)'!=''">
        <Cfg_1_Win64>true</Cfg_1_Win64>
        <CfgParent>Cfg_1</CfgParent>
        <Cfg_1>true</Cfg_1>
        <Base>true</Base>
    </PropertyGroup>
    <PropertyGroup Condition="'$(Config)'=='Release' or '$(Cfg_2)'!=''">
        <Cfg_2>true</Cfg_2>
        <CfgParent>Base</CfgParent>
        <Base>true</Base>
    </PropertyGroup>
    <PropertyGroup Condition="('$(Platform)'=='Android' and '$(Cfg_2)'=='true') or '$(Cfg_2_Android)'!=''">
        <Cfg_2_Android>true</Cfg_2_Android>
        <CfgParent>Cfg_2</CfgParent>
        <Cfg_2>true</Cfg_2>
        <Base>true</Base>
    </PropertyGroup>
    <PropertyGroup Condition="('$(Platform)'=='Win32' and '$(Cfg_2)'=='true') or '$(Cfg_2_Win32)'!=''">
        <Cfg_2_Win32>true</Cfg_2_Win32>
        <CfgParent>Cfg_2</CfgParent>
        <Cfg_2>true</Cfg_2>
        <Base>true</Base>
    </PropertyGroup>
    <PropertyGroup Condition="('$(Platform)'=='Win64' and '$(Cfg_2)'=='true') or '$(Cfg_2_Win64)'!=''">
        <Cfg_2_Win64>true</Cfg_2_Win64>
        <CfgParent>Cfg_2</CfgParent>
        <Cfg_2>true</Cfg_2>
        <Base>true</Base>
    </PropertyGroup>
    <PropertyGroup Condition="'$(Base)'!=''">
        <DCC_Namespace>System;Xml;Data;Datasnap;Web;Soap;$(DCC_Namespace)</DCC_Namespace>
        <AUP_ACCESS_FINE_LOCATION>true</AUP_ACCESS_FINE_LOCATION>
        <AUP_READ_EXTERNAL_STORAGE>true</AUP_READ_EXTERNAL_STORAGE>
        <SanitizedProjectName>Mo_HereMeet</SanitizedProjectName>
        <AUP_CALL_PHONE>true</AUP_CALL_PHONE>
        <Icns_MainIcns>$(BDS)\bin\delphi_PROJECTICNS.icns</Icns_MainIcns>
        <AUP_ACCESS_COARSE_LOCATION>true</AUP_ACCESS_COARSE_LOCATION>
        <AUP_WRITE_EXTERNAL_STORAGE>true</AUP_WRITE_EXTERNAL_STORAGE>
        <AUP_READ_CALENDAR>true</AUP_READ_CALENDAR>
        <AUP_INTERNET>true</AUP_INTERNET>
        <AUP_READ_PHONE_STATE>true</AUP_READ_PHONE_STATE>
        <AUP_WRITE_CALENDAR>true</AUP_WRITE_CALENDAR>
        <AUP_CAMERA>true</AUP_CAMERA>
        <Icon_MainIcon>$(BDS)\bin\delphi_PROJECTICON.ico</Icon_MainIcon>
        <DCC_DcuOutput>.\$(Platform)\$(Config)</DCC_DcuOutput>
        <DCC_ExeOutput>.\$(Platform)\$(Config)</DCC_ExeOutput>
        <DCC_E>false</DCC_E>
        <DCC_N>false</DCC_N>
        <DCC_S>false</DCC_S>
        <DCC_F>false</DCC_F>
        <DCC_K>false</DCC_K>
    </PropertyGroup>
    <PropertyGroup Condition="'$(Base_Android)'!=''">
        <AUP_DISABLE_KEYGUARD>true</AUP_DISABLE_KEYGUARD>
        <AUP_GLOBAL_SEARCH>true</AUP_GLOBAL_SEARCH>
        <AUP_FLASHLIGHT>true</AUP_FLASHLIGHT>
        <AUP_NFC>true</AUP_NFC>
        <AUP_SYSTEM_ALERT_WINDOW>true</AUP_SYSTEM_ALERT_WINDOW>
        <AUP_DELETE_PACKAGES>true</AUP_DELETE_PACKAGES>
        <AUP_SUBSCRIBED_FEEDS_WRITE>true</AUP_SUBSCRIBED_FEEDS_WRITE>
        <AUP_SET_WALLPAPER_HINTS>true</AUP_SET_WALLPAPER_HINTS>
        <AUP_PROCESS_OUTGOING_CALLS>true</AUP_PROCESS_OUTGOING_CALLS>
        <AUP_EXPAND_STATUS_BAR>true</AUP_EXPAND_STATUS_BAR>
        <AUP_BIND_REMOTEVIEWS>true</AUP_BIND_REMOTEVIEWS>
        <AUP_WRITE_APN_SETTINGS>true</AUP_WRITE_APN_SETTINGS>
        <AUP_SET_TIME_ZONE>true</AUP_SET_TIME_ZONE>
        <AUP_INSTALL_LOCATION_PROVIDER>true</AUP_INSTALL_LOCATION_PROVIDER>
        <AUP_SET_ANIMATION_SCALE>true</AUP_SET_ANIMATION_SCALE>
        <AUP_MOUNT_FORMAT_FILESYSTEMS>true</AUP_MOUNT_FORMAT_FILESYSTEMS>
        <AUP_MASTER_CLEAR>true</AUP_MASTER_CLEAR>
        <AUP_WRITE_SETTINGS>true</AUP_WRITE_SETTINGS>
        <AUP_RECORD_AUDIO>true</AUP_RECORD_AUDIO>
        <AUP_READ_LOGS>true</AUP_READ_LOGS>
        <AUP_INSTALL_PACKAGES>true</AUP_INSTALL_PACKAGES>
        <AUP_SET_POINTER_SPEED>true</AUP_SET_POINTER_SPEED>
        <AUP_CHANGE_COMPONENT_ENABLED_STATE>true</AUP_CHANGE_COMPONENT_ENABLED_STATE>
        <AUP_FACTORY_TEST>true</AUP_FACTORY_TEST>
        <AUP_READ_GSERVICES>true</AUP_READ_GSERVICES>
        <AUP_READ_SMS>true</AUP_READ_SMS>
        <AUP_SEND_SMS>true</AUP_SEND_SMS>
        <AUP_DEVICE_POWER>true</AUP_DEVICE_POWER>
        <AUP_FORCE_BACK>true</AUP_FORCE_BACK>
        <AUP_GET_ACCOUNTS>true</AUP_GET_ACCOUNTS>
        <AUP_ACCESS_MOCK_LOCATION>true</AUP_ACCESS_MOCK_LOCATION>
        <AUP_CALL_PRIVILEGED>true</AUP_CALL_PRIVILEGED>
        <AUP_BIND_ACCESSIBILITY_SERVICE>true</AUP_BIND_ACCESSIBILITY_SERVICE>
        <AUP_SET_ORIENTATION>true</AUP_SET_ORIENTATION>
        <AUP_SET_ALWAYS_FINISH>true</AUP_SET_ALWAYS_FINISH>
        <AUP_ACCESS_WIFI_STATE>true</AUP_ACCESS_WIFI_STATE>
        <AUP_CHANGE_WIFI_MULTICAST_STATE>true</AUP_CHANGE_WIFI_MULTICAST_STATE>
        <AUP_RECEIVE_BOOT_COMPLETED>true</AUP_RECEIVE_BOOT_COMPLETED>
        <AUP_ACCOUNT_MANAGER>true</AUP_ACCOUNT_MANAGER>
        <AUP_WRITE_HISTORY_BOOKMARKS>true</AUP_WRITE_HISTORY_BOOKMARKS>
        <AUP_CLEAR_APP_CACHE>true</AUP_CLEAR_APP_CACHE>
        <AUP_HARDWARE_TEST>true</AUP_HARDWARE_TEST>
        <AUP_INJECT_EVENTS>true</AUP_INJECT_EVENTS>
        <AUP_READ_CONTACTS>true</AUP_READ_CONTACTS>
        <AUP_BIND_WALLPAPER>true</AUP_BIND_WALLPAPER>
        <AUP_MODIFY_AUDIO_SETTINGS>true</AUP_MODIFY_AUDIO_SETTINGS>
        <AUP_BIND_TEXT_SERVICE>true</AUP_BIND_TEXT_SERVICE>
        <AUP_CHANGE_CONFIGURATION>true</AUP_CHANGE_CONFIGURATION>
        <AUP_USE_CREDENTIALS>true</AUP_USE_CREDENTIALS>
        <AUP_AUTHENTICATE_ACCOUNTS>true</AUP_AUTHENTICATE_ACCOUNTS>
        <AUP_INTERNAL_SYSTEM_WINDOW>true</AUP_INTERNAL_SYSTEM_WINDOW>
        <AUP_BLUETOOTH>true</AUP_BLUETOOTH>
        <AUP_SET_PROCESS_LIMIT>true</AUP_SET_PROCESS_LIMIT>
        <AUP_USE_SIP>true</AUP_USE_SIP>
        <AUP_COM_VENDING_BILLING>true</AUP_COM_VENDING_BILLING>
        <AUP_ACCESS_NETWORK_STATE>true</AUP_ACCESS_NETWORK_STATE>
        <AUP_DIAGNOSTIC>true</AUP_DIAGNOSTIC>
        <AUP_UPDATE_DEVICE_STATS>true</AUP_UPDATE_DEVICE_STATS>
        <AUP_SET_WALLPAPER>true</AUP_SET_WALLPAPER>
        <AUP_WRITE_SECURE_SETTINGS>true</AUP_WRITE_SECURE_SETTINGS>
        <AUP_MOUNT_UNMOUNT_FILESYSTEMS>true</AUP_MOUNT_UNMOUNT_FILESYSTEMS>
        <AUP_REBOOT>true</AUP_REBOOT>
        <AUP_ACCESS_SURFACE_FLINGER>true</AUP_ACCESS_SURFACE_FLINGER>
        <AUP_READ_SYNC_STATS>true</AUP_READ_SYNC_STATS>
        <AUP_KILL_BACKGROUND_PROCESSES>true</AUP_KILL_BACKGROUND_PROCESSES>
        <AUP_BROADCAST_WAP_PUSH>true</AUP_BROADCAST_WAP_PUSH>
        <AUP_ADD_VOICEMAIL>true</AUP_ADD_VOICEMAIL>
        <AUP_BROADCAST_STICKY>true</AUP_BROADCAST_STICKY>
        <AUP_ACCESS_LOCATION_EXTRA_COMMANDS>true</AUP_ACCESS_LOCATION_EXTRA_COMMANDS>
        <AUP_CHANGE_NETWORK_STATE>true</AUP_CHANGE_NETWORK_STATE>
        <AUP_WRITE_SYNC_SETTINGS>true</AUP_WRITE_SYNC_SETTINGS>
        <AUP_MODIFY_PHONE_STATE>true</AUP_MODIFY_PHONE_STATE>
        <AUP_BIND_VPN_SERVICE>true</AUP_BIND_VPN_SERVICE>
        <AUP_CHANGE_WIFI_STATE>true</AUP_CHANGE_WIFI_STATE>
        <AUP_BIND_APPWIDGET>true</AUP_BIND_APPWIDGET>
        <AUP_READ_SOCIAL_STREAM>true</AUP_READ_SOCIAL_STREAM>
        <AUP_MANAGE_APP_TOKENS>true</AUP_MANAGE_APP_TOKENS>
        <AUP_WRITE_PROFILE>true</AUP_WRITE_PROFILE>
        <AUP_SET_ALARM>true</AUP_SET_ALARM>
        <AUP_WRITE_SMS>true</AUP_WRITE_SMS>
        <AUP_READ_SYNC_SETTINGS>true</AUP_READ_SYNC_SETTINGS>
        <AUP_GET_TASKS>true</AUP_GET_TASKS>
        <AUP_CONTROL_LOCATION_UPDATES>true</AUP_CONTROL_LOCATION_UPDATES>
        <AUP_DUMP>true</AUP_DUMP>
        <AUP_DELETE_CACHE_FILES>true</AUP_DELETE_CACHE_FILES>
        <AUP_SET_ACTIVITY_WATCHER>true</AUP_SET_ACTIVITY_WATCHER>
        <AUP_READ_USER_DICTIONARY>true</AUP_READ_USER_DICTIONARY>
        <AUP_STATUS_BAR>true</AUP_STATUS_BAR>
        <AUP_READ_CALL_LOG>true</AUP_READ_CALL_LOG>
        <AUP_SET_TIME>true</AUP_SET_TIME>
        <AUP_BLUETOOTH_ADMIN>true</AUP_BLUETOOTH_ADMIN>
        <AUP_RECEIVE_WAP_PUSH>true</AUP_RECEIVE_WAP_PUSH>
        <AUP_BROADCAST_PACKAGE_REMOVED>true</AUP_BROADCAST_PACKAGE_REMOVED>
        <AUP_READ_PROFILE>true</AUP_READ_PROFILE>
        <AUP_SIGNAL_PERSISTENT_PROCESSES>true</AUP_SIGNAL_PERSISTENT_PROCESSES>
        <AUP_WRITE_CONTACTS>true</AUP_WRITE_CONTACTS>
        <AUP_WRITE_SOCIAL_STREAM>true</AUP_WRITE_SOCIAL_STREAM>
        <AUP_RECEIVE_SMS>true</AUP_RECEIVE_SMS>
        <AUP_READ_HISTORY_BOOKMARKS>true</AUP_READ_HISTORY_BOOKMARKS>
        <AUP_ACCESS_CHECKIN_PROPERTIES>true</AUP_ACCESS_CHECKIN_PROPERTIES>
        <AUP_RECEIVE_MMS>true</AUP_RECEIVE_MMS>
        <AUP_BIND_INPUT_METHOD>true</AUP_BIND_INPUT_METHOD>
        <AUP_BROADCAST_SMS>true</AUP_BROADCAST_SMS>
        <AUP_BATTERY_STATS>true</AUP_BATTERY_STATS>
        <AUP_MANAGE_ACCOUNTS>true</AUP_MANAGE_ACCOUNTS>
        <AUP_WRITE_USER_DICTIONARY>true</AUP_WRITE_USER_DICTIONARY>
        <AUP_WRITE_CALL_LOG>true</AUP_WRITE_CALL_LOG>
        <AUP_REORDER_TASKS>true</AUP_REORDER_TASKS>
        <AUP_WAKE_LOCK>true</AUP_WAKE_LOCK>
        <AUP_SUBSCRIBED_FEEDS_READ>true</AUP_SUBSCRIBED_FEEDS_READ>
        <VerInfo_Build>1</VerInfo_Build>
        <AUP_BRICK>true</AUP_BRICK>
        <AUP_BIND_DEVICE_ADMIN>true</AUP_BIND_DEVICE_ADMIN>
        <AUP_GET_PACKAGE_SIZE>true</AUP_GET_PACKAGE_SIZE>
        <AUP_CLEAR_APP_USER_DATA>true</AUP_CLEAR_APP_USER_DATA>
        <AUP_VIBRATE>true</AUP_VIBRATE>
        <AUP_READ_FRAME_BUFFER>true</AUP_READ_FRAME_BUFFER>
        <AUP_WRITE_GSERVICES>true</AUP_WRITE_GSERVICES>
        <AUP_SET_DEBUG_APP>true</AUP_SET_DEBUG_APP>
        <Android_LauncherIcon144>$(BDS)\bin\Artwork\Android\FM_LauncherIcon_144x144.png</Android_LauncherIcon144>
        <Android_SplashImage426>$(BDS)\bin\Artwork\Android\FM_SplashImage_426x320.png</Android_SplashImage426>
        <Android_SplashImage640>$(BDS)\bin\Artwork\Android\FM_SplashImage_640x480.png</Android_SplashImage640>
        <Android_LauncherIcon48>$(BDS)\bin\Artwork\Android\FM_LauncherIcon_48x48.png</Android_LauncherIcon48>
        <Android_LauncherIcon96>$(BDS)\bin\Artwork\Android\FM_LauncherIcon_96x96.png</Android_LauncherIcon96>
        <Android_SplashImage960>$(BDS)\bin\Artwork\Android\FM_SplashImage_960x720.png</Android_SplashImage960>
        <EnabledSysJars>android-support-v4.dex.jar;apk-expansion.dex.jar;cloud-messaging.dex.jar;fmx.dex.jar;google-analytics-v2.dex.jar;google-play-billing.dex.jar;google-play-licensing.dex.jar;google-play-services.dex.jar</EnabledSysJars>
        <VerInfo_Keys>package=com.embarcadero.$(MSBuildProjectName);label=$(MSBuildProjectName);versionCode=1;versionName=1.0.0;persistent=False;restoreAnyVersion=False;installLocation=auto;largeHeap=False;theme=TitleBar;hardwareAccelerated=true;apiKey=</VerInfo_Keys>
        <BT_BuildType>Debug</BT_BuildType>
        <DCC_UsePackage>DBXSqliteDriver;RESTComponents;DBXInterBaseDriver;emsclientfiredac;DataSnapFireDAC;tethering;bindcompfmx;FmxTeeUI;FireDACIBDriver;fmx;FireDACDBXDriver;dbexpress;IndyCore;dsnap;DataSnapCommon;emsclient;FireDACCommon;RESTBackendComponents;soapserver;bindengine;CloudService;FireDACCommonDriver;DataSnapClient;inet;bindcompdbx;IndyIPCommon;IndyIPServer;IndySystem;fmxFireDAC;FireDAC;FireDACSqliteDriver;ibmonitor;FMXTee;soaprtl;DbxCommonDriver;ibxpress;xmlrtl;soapmidas;DataSnapNativeClient;ibxbindings;rtl;FireDACDSDriver;DbxClientDriver;CustomIPTransport;bindcomp;IndyIPClient;dbxcds;dsnapxml;DataSnapProviderClient;dbrtl;IndyProtocols;$(DCC_UsePackage)</DCC_UsePackage>
        <VerInfo_IncludeVerInfo>true</VerInfo_IncludeVerInfo>
        <Android_SplashImage470>$(BDS)\bin\Artwork\Android\FM_SplashImage_470x320.png</Android_SplashImage470>
        <Android_LauncherIcon36>$(BDS)\bin\Artwork\Android\FM_LauncherIcon_36x36.png</Android_LauncherIcon36>
        <Android_LauncherIcon72>$(BDS)\bin\Artwork\Android\FM_LauncherIcon_72x72.png</Android_LauncherIcon72>
    </PropertyGroup>
    <PropertyGroup Condition="'$(Base_Win32)'!=''">
        <VerInfo_Locale>1033</VerInfo_Locale>
        <DCC_Namespace>Winapi;System.Win;Data.Win;Datasnap.Win;Web.Win;Soap.Win;Xml.Win;Bde;$(DCC_Namespace)</DCC_Namespace>
        <Manifest_File>$(BDS)\bin\default_app.manifest</Manifest_File>
        <DCC_UsePackage>DBXSqliteDriver;DataSnapServerMidas;RESTComponents;DBXDb2Driver;DBXInterBaseDriver;frxe23;vclactnband;vclFireDAC;emsclientfiredac;DataSnapFireDAC;svnui;tethering;FireDACADSDriver;DBXMSSQLDriver;DatasnapConnectorsFreePascal;FireDACMSSQLDriver;vcltouch;vcldb;bindcompfmx;svn;Intraweb;DBXOracleDriver;inetdb;FmxTeeUI;FireDACIBDriver;fmx;fmxdae;vclib;FireDACDBXDriver;dbexpress;IndyCore;vclx;dsnap;DataSnapCommon;emsclient;FireDACCommon;RESTBackendComponents;DataSnapConnectors;VCLRESTComponents;soapserver;frxTee23;vclie;bindengine;DBXMySQLDriver;FireDACOracleDriver;CloudService;FireDACMySQLDriver;DBXFirebirdDriver;FireDACCommonDriver;DataSnapClient;inet;bindcompdbx;IndyIPCommon;vcl;DBXSybaseASEDriver;IndyIPServer;IndySystem;FireDACDb2Driver;dsnapcon;FireDACMSAccDriver;fmxFireDAC;FireDACInfxDriver;vclimg;TeeDB;FireDAC;FireDACSqliteDriver;FireDACPgDriver;ibmonitor;FireDACASADriver;DBXOdbcDriver;FireDACTDataDriver;FMXTee;soaprtl;DbxCommonDriver;ibxpress;Tee;DataSnapServer;xmlrtl;soapmidas;DataSnapNativeClient;fmxobj;vclwinx;ibxbindings;rtl;FireDACDSDriver;DbxClientDriver;DBXSybaseASADriver;CustomIPTransport;vcldsnap;bindcomp;appanalytics;DBXInformixDriver;IndyIPClient;frxDB23;bindcompvcl;TeeUI;vclribbon;dbxcds;VclSmp;adortl;FireDACODBCDriver;DataSnapIndy10ServerTransport;dsnapxml;DataSnapProviderClient;dbrtl;inetdbxpress;FireDACMongoDBDriver;frx23;IndyProtocols;fmxase;$(DCC_UsePackage)</DCC_UsePackage>
        <VerInfo_Keys>CompanyName=;FileDescription=;FileVersion=1.0.0.0;InternalName=;LegalCopyright=;LegalTrademarks=;OriginalFilename=;ProductName=;ProductVersion=1.0.0.0;Comments=</VerInfo_Keys>
        <VerInfo_IncludeVerInfo>true</VerInfo_IncludeVerInfo>
    </PropertyGroup>
    <PropertyGroup Condition="'$(Base_Win64)'!=''">
        <VerInfo_Locale>1033</VerInfo_Locale>
        <DCC_Namespace>Winapi;System.Win;Data.Win;Datasnap.Win;Web.Win;Soap.Win;Xml.Win;$(DCC_Namespace)</DCC_Namespace>
        <Manifest_File>$(BDS)\bin\default_app.manifest</Manifest_File>
        <DCC_UsePackage>DBXSqliteDriver;DataSnapServerMidas;RESTComponents;DBXDb2Driver;DBXInterBaseDriver;vclactnband;vclFireDAC;emsclientfiredac;DataSnapFireDAC;tethering;FireDACADSDriver;DBXMSSQLDriver;DatasnapConnectorsFreePascal;FireDACMSSQLDriver;vcltouch;vcldb;bindcompfmx;Intraweb;DBXOracleDriver;inetdb;FmxTeeUI;FireDACIBDriver;fmx;fmxdae;vclib;FireDACDBXDriver;dbexpress;IndyCore;vclx;dsnap;DataSnapCommon;emsclient;FireDACCommon;RESTBackendComponents;DataSnapConnectors;VCLRESTComponents;soapserver;vclie;bindengine;DBXMySQLDriver;FireDACOracleDriver;CloudService;FireDACMySQLDriver;DBXFirebirdDriver;FireDACCommonDriver;DataSnapClient;inet;bindcompdbx;IndyIPCommon;vcl;DBXSybaseASEDriver;IndyIPServer;IndySystem;FireDACDb2Driver;dsnapcon;FireDACMSAccDriver;fmxFireDAC;FireDACInfxDriver;vclimg;TeeDB;FireDAC;FireDACSqliteDriver;FireDACPgDriver;ibmonitor;FireDACASADriver;DBXOdbcDriver;FireDACTDataDriver;FMXTee;soaprtl;DbxCommonDriver;ibxpress;Tee;DataSnapServer;xmlrtl;soapmidas;DataSnapNativeClient;fmxobj;vclwinx;ibxbindings;rtl;FireDACDSDriver;DbxClientDriver;DBXSybaseASADriver;CustomIPTransport;vcldsnap;bindcomp;appanalytics;DBXInformixDriver;IndyIPClient;bindcompvcl;TeeUI;vclribbon;dbxcds;VclSmp;adortl;FireDACODBCDriver;DataSnapIndy10ServerTransport;dsnapxml;DataSnapProviderClient;dbrtl;inetdbxpress;FireDACMongoDBDriver;IndyProtocols;fmxase;$(DCC_UsePackage)</DCC_UsePackage>
        <VerInfo_Keys>CompanyName=;FileDescription=;FileVersion=1.0.0.0;InternalName=;LegalCopyright=;LegalTrademarks=;OriginalFilename=;ProductName=;ProductVersion=1.0.0.0;Comments=</VerInfo_Keys>
        <VerInfo_IncludeVerInfo>true</VerInfo_IncludeVerInfo>
    </PropertyGroup>
    <PropertyGroup Condition="'$(Cfg_1)'!=''">
        <DCC_Define>DEBUG;$(DCC_Define)</DCC_Define>
        <DCC_DebugDCUs>true</DCC_DebugDCUs>
        <DCC_Optimize>false</DCC_Optimize>
        <DCC_GenerateStackFrames>true</DCC_GenerateStackFrames>
        <DCC_DebugInfoInExe>true</DCC_DebugInfoInExe>
        <DCC_RemoteDebug>true</DCC_RemoteDebug>
    </PropertyGroup>
    <PropertyGroup Condition="'$(Cfg_1_Win32)'!=''">
        <VerInfo_IncludeVerInfo>true</VerInfo_IncludeVerInfo>
        <VerInfo_Locale>1033</VerInfo_Locale>
        <AppEnableHighDPI>true</AppEnableHighDPI>
        <AppEnableRuntimeThemes>true</AppEnableRuntimeThemes>
        <DCC_RemoteDebug>false</DCC_RemoteDebug>
    </PropertyGroup>
    <PropertyGroup Condition="'$(Cfg_1_Win64)'!=''">
        <AppEnableHighDPI>true</AppEnableHighDPI>
        <AppEnableRuntimeThemes>true</AppEnableRuntimeThemes>
    </PropertyGroup>
    <PropertyGroup Condition="'$(Cfg_2)'!=''">
        <DCC_LocalDebugSymbols>false</DCC_LocalDebugSymbols>
        <DCC_Define>RELEASE;$(DCC_Define)</DCC_Define>
        <DCC_SymbolReferenceInfo>0</DCC_SymbolReferenceInfo>
        <DCC_DebugInformation>0</DCC_DebugInformation>
    </PropertyGroup>
    <PropertyGroup Condition="'$(Cfg_2_Android)'!=''">
        <VerInfo_Build>1</VerInfo_Build>
    </PropertyGroup>
    <PropertyGroup Condition="'$(Cfg_2_Win32)'!=''">
        <VerInfo_Locale>1033</VerInfo_Locale>
        <VerInfo_IncludeVerInfo>true</VerInfo_IncludeVerInfo>
        <AppEnableHighDPI>true</AppEnableHighDPI>
        <AppEnableRuntimeThemes>true</AppEnableRuntimeThemes>
    </PropertyGroup>
    <PropertyGroup Condition="'$(Cfg_2_Win64)'!=''">
        <AppEnableHighDPI>true</AppEnableHighDPI>
        <AppEnableRuntimeThemes>true</AppEnableRuntimeThemes>
    </PropertyGroup>
    <ItemGroup>
        <DelphiCompile Include="$(MainSource)">
            <MainSource>MainSource</MainSource>
        </DelphiCompile>
        <DCCReference Include="M_Main.pas">
            <Form>Form3</Form>
            <FormType>fmx</FormType>
        </DCCReference>
        <DCCReference Include="M_DataModule.pas">
            <Form>DataModule1</Form>
            <FormType>dfm</FormType>
            <DesignClass>TDataModule</DesignClass>
        </DCCReference>
        <DCCReference Include="M_Main_Class.pas"/>
        <BuildConfiguration Include="Release">
            <Key>Cfg_2</Key>
            <CfgParent>Base</CfgParent>
        </BuildConfiguration>
        <BuildConfiguration Include="Base">
            <Key>Base</Key>
        </BuildConfiguration>
        <BuildConfiguration Include="Debug">
            <Key>Cfg_1</Key>
            <CfgParent>Base</CfgParent>
        </BuildConfiguration>
    </ItemGroup>
    <ProjectExtensions>
        <Borland.Personality>Delphi.Personality.12</Borland.Personality>
        <Borland.ProjectType>Application</Borland.ProjectType>
        <BorlandProject>
            <Delphi.Personality>
                <Source>
                    <Source Name="MainSource">Mo_HereMeet.dpr</Source>
                </Source>
                <Excluded_Packages>
                    <Excluded_Packages Name="$(BDSBIN)\bcboffice2k230.bpl">Embarcadero C++Builder Office 2000 Servers Package</Excluded_Packages>
                    <Excluded_Packages Name="$(BDSBIN)\bcbofficexp230.bpl">Embarcadero C++Builder Office XP Servers Package</Excluded_Packages>
                    <Excluded_Packages Name="$(BDSBIN)\dcloffice2k230.bpl">Microsoft Office 2000 Sample Automation Server Wrapper Components</Excluded_Packages>
                    <Excluded_Packages Name="$(BDSBIN)\dclofficexp230.bpl">Microsoft Office XP Sample Automation Server Wrapper Components</Excluded_Packages>
                </Excluded_Packages>
            </Delphi.Personality>
            <Deployment Version="2">
                <DeployFile LocalName="$(BDS)\bin\Artwork\Android\FM_LauncherIcon_36x36.png" Configuration="Debug" Class="Android_LauncherIcon36">
                    <Platform Name="Android">
                        <RemoteName>ic_launcher.png</RemoteName>
                        <Overwrite>true</Overwrite>
                    </Platform>
                </DeployFile>
                <DeployFile LocalName="Android\Release\styles.xml" Configuration="Release" Class="AndroidSplashStyles">
                    <Platform Name="Android">
                        <Overwrite>true</Overwrite>
                    </Platform>
                </DeployFile>
                <DeployFile LocalName="Android\Debug\libMo_HereMeet.so" Configuration="Debug" Class="ProjectOutput">
                    <Platform Name="Android">
                        <RemoteName>libMo_HereMeet.so</RemoteName>
                        <Overwrite>true</Overwrite>
                    </Platform>
                </DeployFile>
                <DeployFile LocalName="Android\Release\splash_image_def.xml" Configuration="Release" Class="AndroidSplashImageDef">
                    <Platform Name="Android">
                        <Overwrite>true</Overwrite>
                    </Platform>
                </DeployFile>
                <DeployFile LocalName="$(BDS)\bin\Artwork\Android\FM_LauncherIcon_36x36.png" Configuration="Release" Class="Android_LauncherIcon36">
                    <Platform Name="Android">
                        <RemoteName>ic_launcher.png</RemoteName>
                        <Overwrite>true</Overwrite>
                    </Platform>
                </DeployFile>
                <DeployFile LocalName="$(BDS)\bin\Artwork\Android\FM_SplashImage_426x320.png" Configuration="Release" Class="Android_SplashImage426">
                    <Platform Name="Android">
                        <RemoteName>splash_image.png</RemoteName>
                        <Overwrite>true</Overwrite>
                    </Platform>
                </DeployFile>
                <DeployFile LocalName="$(BDS)\bin\Artwork\Android\FM_SplashImage_960x720.png" Configuration="Release" Class="Android_SplashImage960">
                    <Platform Name="Android">
                        <RemoteName>splash_image.png</RemoteName>
                        <Overwrite>true</Overwrite>
                    </Platform>
                </DeployFile>
                <DeployFile LocalName="$(BDS)\bin\Artwork\Android\FM_LauncherIcon_72x72.png" Configuration="Debug" Class="Android_LauncherIcon72">
                    <Platform Name="Android">
                        <RemoteName>ic_launcher.png</RemoteName>
                        <Overwrite>true</Overwrite>
                    </Platform>
                </DeployFile>
                <DeployFile LocalName="$(BDS)\bin\Artwork\Android\FM_SplashImage_640x480.png" Configuration="Debug" Class="Android_SplashImage640">
                    <Platform Name="Android">
                        <RemoteName>splash_image.png</RemoteName>
                        <Overwrite>true</Overwrite>
                    </Platform>
                </DeployFile>
                <DeployFile LocalName="$(BDS)\lib\android\debug\armeabi\libnative-activity.so" Configuration="Release" Class="AndroidLibnativeArmeabiFile">
                    <Platform Name="Android">
                        <RemoteName>libMo_HereMeet.so</RemoteName>
                        <Overwrite>true</Overwrite>
                    </Platform>
                </DeployFile>
                <DeployFile LocalName="$(BDS)\bin\Artwork\Android\FM_SplashImage_960x720.png" Configuration="Debug" Class="Android_SplashImage960">
                    <Platform Name="Android">
                        <RemoteName>splash_image.png</RemoteName>
                        <Overwrite>true</Overwrite>
                    </Platform>
                </DeployFile>
                <DeployFile LocalName="$(BDS)\bin\Artwork\Android\FM_LauncherIcon_72x72.png" Configuration="Release" Class="Android_LauncherIcon72">
                    <Platform Name="Android">
                        <RemoteName>ic_launcher.png</RemoteName>
                        <Overwrite>true</Overwrite>
                    </Platform>
                </DeployFile>
                <DeployFile LocalName="$(BDS)\bin\Artwork\Android\FM_SplashImage_426x320.png" Configuration="Debug" Class="Android_SplashImage426">
                    <Platform Name="Android">
                        <RemoteName>splash_image.png</RemoteName>
                        <Overwrite>true</Overwrite>
                    </Platform>
                </DeployFile>
                <DeployFile LocalName="$(BDS)\bin\Artwork\Android\FM_LauncherIcon_48x48.png" Configuration="Debug" Class="Android_LauncherIcon48">
                    <Platform Name="Android">
                        <RemoteName>ic_launcher.png</RemoteName>
                        <Overwrite>true</Overwrite>
                    </Platform>
                </DeployFile>
                <DeployFile LocalName="$(NDKBasePath)\prebuilt\android-arm\gdbserver\gdbserver" Configuration="Release" Class="AndroidGDBServer">
                    <Platform Name="Android">
                        <Overwrite>true</Overwrite>
                    </Platform>
                </DeployFile>
                <DeployFile LocalName="$(BDS)\Redist\iossimulator\libPCRE.dylib" Class="DependencyModule">
                    <Platform Name="iOSSimulator">
                        <Overwrite>true</Overwrite>
                    </Platform>
                </DeployFile>
                <DeployFile LocalName="$(BDS)\lib\android\debug\mips\libnative-activity.so" Configuration="Debug" Class="AndroidLibnativeMipsFile">
                    <Platform Name="Android">
                        <RemoteName>libMo_HereMeet.so</RemoteName>
                        <Overwrite>true</Overwrite>
                    </Platform>
                </DeployFile>
                <DeployFile LocalName="$(NDKBasePath)\prebuilt\android-arm\gdbserver\gdbserver" Configuration="Debug" Class="AndroidGDBServer">
                    <Platform Name="Android">
                        <Overwrite>true</Overwrite>
                    </Platform>
                </DeployFile>
                <DeployFile LocalName="Android\Debug\classes.dex" Configuration="Debug" Class="AndroidClassesDexFile">
                    <Platform Name="Android">
                        <RemoteName>classes.dex</RemoteName>
                        <Overwrite>true</Overwrite>
                    </Platform>
                </DeployFile>
                <DeployFile LocalName="Android\Debug\splash_image_def.xml" Configuration="Debug" Class="AndroidSplashImageDef">
                    <Platform Name="Android">
                        <Overwrite>true</Overwrite>
                    </Platform>
                </DeployFile>
                <DeployFile LocalName="Android\Debug\styles.xml" Configuration="Debug" Class="AndroidSplashStyles">
                    <Platform Name="Android">
                        <Overwrite>true</Overwrite>
                    </Platform>
                </DeployFile>
                <DeployFile LocalName="Win32\Debug\Mo_HereMeet.exe" Configuration="Debug" Class="ProjectOutput">
                    <Platform Name="Win32">
                        <RemoteName>Mo_HereMeet.exe</RemoteName>
                        <Overwrite>true</Overwrite>
                    </Platform>
                </DeployFile>
                <DeployFile LocalName="$(BDS)\bin\Artwork\Android\FM_LauncherIcon_144x144.png" Configuration="Release" Class="Android_LauncherIcon144">
                    <Platform Name="Android">
                        <RemoteName>ic_launcher.png</RemoteName>
                        <Overwrite>true</Overwrite>
                    </Platform>
                </DeployFile>
                <DeployFile LocalName="Android\Debug\AndroidManifest.xml" Configuration="Debug" Class="ProjectAndroidManifest">
                    <Platform Name="Android">
                        <Overwrite>true</Overwrite>
                    </Platform>
                </DeployFile>
                <DeployFile LocalName="$(BDS)\lib\android\debug\armeabi\libnative-activity.so" Configuration="Debug" Class="AndroidLibnativeArmeabiFile">
                    <Platform Name="Android">
                        <RemoteName>libMo_HereMeet.so</RemoteName>
                        <Overwrite>true</Overwrite>
                    </Platform>
                </DeployFile>
                <DeployFile LocalName="$(BDS)\bin\Artwork\Android\FM_LauncherIcon_144x144.png" Configuration="Debug" Class="Android_LauncherIcon144">
                    <Platform Name="Android">
                        <RemoteName>ic_launcher.png</RemoteName>
                        <Overwrite>true</Overwrite>
                    </Platform>
                </DeployFile>
                <DeployFile LocalName="$(BDS)\Redist\iossimulator\libcgunwind.1.0.dylib" Class="DependencyModule">
                    <Platform Name="iOSSimulator">
                        <Overwrite>true</Overwrite>
                    </Platform>
                </DeployFile>
                <DeployFile LocalName="$(BDS)\bin\Artwork\Android\FM_SplashImage_470x320.png" Configuration="Debug" Class="Android_SplashImage470">
                    <Platform Name="Android">
                        <RemoteName>splash_image.png</RemoteName>
                        <Overwrite>true</Overwrite>
                    </Platform>
                </DeployFile>
                <DeployFile LocalName="$(BDS)\lib\android\debug\mips\libnative-activity.so" Configuration="Release" Class="AndroidLibnativeMipsFile">
                    <Platform Name="Android">
                        <RemoteName>libMo_HereMeet.so</RemoteName>
                        <Overwrite>true</Overwrite>
                    </Platform>
                </DeployFile>
                <DeployFile LocalName="$(BDS)\bin\Artwork\Android\FM_LauncherIcon_96x96.png" Configuration="Release" Class="Android_LauncherIcon96">
                    <Platform Name="Android">
                        <RemoteName>ic_launcher.png</RemoteName>
                        <Overwrite>true</Overwrite>
                    </Platform>
                </DeployFile>
                <DeployFile LocalName="$(BDS)\bin\Artwork\Android\FM_SplashImage_470x320.png" Configuration="Release" Class="Android_SplashImage470">
                    <Platform Name="Android">
                        <RemoteName>splash_image.png</RemoteName>
                        <Overwrite>true</Overwrite>
                    </Platform>
                </DeployFile>
                <DeployFile LocalName="$(BDS)\Redist\osx32\libcgunwind.1.0.dylib" Class="DependencyModule">
                    <Platform Name="OSX32">
                        <Overwrite>true</Overwrite>
                    </Platform>
                </DeployFile>
                <DeployFile LocalName="$(BDS)\bin\Artwork\Android\FM_LauncherIcon_96x96.png" Configuration="Debug" Class="Android_LauncherIcon96">
                    <Platform Name="Android">
                        <RemoteName>ic_launcher.png</RemoteName>
                        <Overwrite>true</Overwrite>
                    </Platform>
                </DeployFile>
                <DeployFile LocalName="Android\Release\libMo_HereMeet.so" Configuration="Release" Class="ProjectOutput">
                    <Platform Name="Android">
                        <RemoteName>libMo_HereMeet.so</RemoteName>
                        <Overwrite>true</Overwrite>
                    </Platform>
                </DeployFile>
                <DeployFile LocalName="$(BDS)\bin\Artwork\Android\FM_SplashImage_640x480.png" Configuration="Release" Class="Android_SplashImage640">
                    <Platform Name="Android">
                        <RemoteName>splash_image.png</RemoteName>
                        <Overwrite>true</Overwrite>
                    </Platform>
                </DeployFile>
                <DeployFile LocalName="$(BDS)\lib\android\debug\x86\libnative-activity.so" Configuration="Release" Class="AndroidLibnativeX86File">
                    <Platform Name="Android">
                        <RemoteName>libMo_HereMeet.so</RemoteName>
                        <Overwrite>true</Overwrite>
                    </Platform>
                </DeployFile>
                <DeployFile LocalName="$(BDS)\lib\android\debug\x86\libnative-activity.so" Configuration="Debug" Class="AndroidLibnativeX86File">
                    <Platform Name="Android">
                        <RemoteName>libMo_HereMeet.so</RemoteName>
                        <Overwrite>true</Overwrite>
                    </Platform>
                </DeployFile>
                <DeployFile LocalName="Android\Release\AndroidManifest.xml" Configuration="Release" Class="ProjectAndroidManifest">
                    <Platform Name="Android">
                        <Overwrite>true</Overwrite>
                    </Platform>
                </DeployFile>
                <DeployFile LocalName="Android\Release\classes.dex" Configuration="Release" Class="AndroidClassesDexFile">
                    <Platform Name="Android">
                        <RemoteName>classes.dex</RemoteName>
                        <Overwrite>true</Overwrite>
                    </Platform>
                </DeployFile>
                <DeployFile LocalName="$(BDS)\bin\Artwork\Android\FM_LauncherIcon_48x48.png" Configuration="Release" Class="Android_LauncherIcon48">
                    <Platform Name="Android">
                        <RemoteName>ic_launcher.png</RemoteName>
                        <Overwrite>true</Overwrite>
                    </Platform>
                </DeployFile>
                <DeployClass Name="ProjectiOSDeviceResourceRules">
                    <Platform Name="iOSDevice64">
                        <Operation>1</Operation>
                    </Platform>
                    <Platform Name="iOSDevice32">
                        <Operation>1</Operation>
                    </Platform>
                </DeployClass>
                <DeployClass Name="ProjectOSXResource">
                    <Platform Name="OSX32">
                        <RemoteDir>Contents\Resources</RemoteDir>
                        <Operation>1</Operation>
                    </Platform>
                </DeployClass>
                <DeployClass Name="AndroidClassesDexFile">
                    <Platform Name="Android">
                        <RemoteDir>classes</RemoteDir>
                        <Operation>1</Operation>
                    </Platform>
                </DeployClass>
                <DeployClass Name="AdditionalDebugSymbols">
                    <Platform Name="Win32">
                        <RemoteDir>Contents\MacOS</RemoteDir>
                        <Operation>0</Operation>
                    </Platform>
                    <Platform Name="iOSSimulator">
                        <Operation>1</Operation>
                    </Platform>
                    <Platform Name="OSX32">
                        <RemoteDir>Contents\MacOS</RemoteDir>
                        <Operation>1</Operation>
                    </Platform>
                </DeployClass>
                <DeployClass Name="iPad_Launch768">
                    <Platform Name="iOSSimulator">
                        <Operation>1</Operation>
                    </Platform>
                    <Platform Name="iOSDevice64">
                        <Operation>1</Operation>
                    </Platform>
                    <Platform Name="iOSDevice32">
                        <Operation>1</Operation>
                    </Platform>
                </DeployClass>
                <DeployClass Name="Android_LauncherIcon144">
                    <Platform Name="Android">
                        <RemoteDir>res\drawable-xxhdpi</RemoteDir>
                        <Operation>1</Operation>
                    </Platform>
                </DeployClass>
                <DeployClass Name="AndroidLibnativeMipsFile">
                    <Platform Name="Android">
                        <RemoteDir>library\lib\mips</RemoteDir>
                        <Operation>1</Operation>
                    </Platform>
                </DeployClass>
                <DeployClass Required="true" Name="ProjectOutput">
                    <Platform Name="Win32">
                        <Operation>0</Operation>
                    </Platform>
                    <Platform Name="iOSDevice64">
                        <Operation>1</Operation>
                    </Platform>
                    <Platform Name="OSX32">
                        <RemoteDir>Contents\MacOS</RemoteDir>
                        <Operation>1</Operation>
                    </Platform>
                    <Platform Name="iOSDevice32">
                        <Operation>1</Operation>
                    </Platform>
                    <Platform Name="Android">
                        <RemoteDir>library\lib\armeabi-v7a</RemoteDir>
                        <Operation>1</Operation>
                    </Platform>
                    <Platform Name="iOSSimulator">
                        <Operation>1</Operation>
                    </Platform>
                </DeployClass>
                <DeployClass Name="DependencyFramework">
                    <Platform Name="Win32">
                        <Operation>0</Operation>
                    </Platform>
                    <Platform Name="OSX32">
                        <RemoteDir>Contents\MacOS</RemoteDir>
                        <Operation>1</Operation>
                        <Extensions>.framework</Extensions>
                    </Platform>
                </DeployClass>
                <DeployClass Name="iPhone_Launch640">
                    <Platform Name="iOSSimulator">
                        <Operation>1</Operation>
                    </Platform>
                    <Platform Name="iOSDevice64">
                        <Operation>1</Operation>
                    </Platform>
                    <Platform Name="iOSDevice32">
                        <Operation>1</Operation>
                    </Platform>
                </DeployClass>
                <DeployClass Name="iPad_Launch1024">
                    <Platform Name="iOSSimulator">
                        <Operation>1</Operation>
                    </Platform>
                    <Platform Name="iOSDevice64">
                        <Operation>1</Operation>
                    </Platform>
                    <Platform Name="iOSDevice32">
                        <Operation>1</Operation>
                    </Platform>
                </DeployClass>
                <DeployClass Name="ProjectiOSDeviceDebug">
                    <Platform Name="iOSDevice64">
                        <RemoteDir>..\$(PROJECTNAME).app.dSYM\Contents\Resources\DWARF</RemoteDir>
                        <Operation>1</Operation>
                    </Platform>
                    <Platform Name="iOSDevice32">
                        <RemoteDir>..\$(PROJECTNAME).app.dSYM\Contents\Resources\DWARF</RemoteDir>
                        <Operation>1</Operation>
                    </Platform>
                </DeployClass>
                <DeployClass Name="AndroidLibnativeX86File">
                    <Platform Name="Android">
                        <RemoteDir>library\lib\x86</RemoteDir>
                        <Operation>1</Operation>
                    </Platform>
                </DeployClass>
                <DeployClass Name="iPhone_Launch320">
                    <Platform Name="iOSSimulator">
                        <Operation>1</Operation>
                    </Platform>
                    <Platform Name="iOSDevice64">
                        <Operation>1</Operation>
                    </Platform>
                    <Platform Name="iOSDevice32">
                        <Operation>1</Operation>
                    </Platform>
                </DeployClass>
                <DeployClass Name="ProjectiOSInfoPList">
                    <Platform Name="iOSSimulator">
                        <Operation>1</Operation>
                    </Platform>
                    <Platform Name="iOSDevice64">
                        <Operation>1</Operation>
                    </Platform>
                    <Platform Name="iOSDevice32">
                        <Operation>1</Operation>
                    </Platform>
                </DeployClass>
                <DeployClass Name="AndroidLibnativeArmeabiFile">
                    <Platform Name="Android">
                        <RemoteDir>library\lib\armeabi</RemoteDir>
                        <Operation>1</Operation>
                    </Platform>
                </DeployClass>
                <DeployClass Name="DebugSymbols">
                    <Platform Name="Win32">
                        <Operation>0</Operation>
                    </Platform>
                    <Platform Name="iOSSimulator">
                        <Operation>1</Operation>
                    </Platform>
                    <Platform Name="OSX32">
                        <RemoteDir>Contents\MacOS</RemoteDir>
                        <Operation>1</Operation>
                    </Platform>
                </DeployClass>
                <DeployClass Name="iPad_Launch1536">
                    <Platform Name="iOSSimulator">
                        <Operation>1</Operation>
                    </Platform>
                    <Platform Name="iOSDevice64">
                        <Operation>1</Operation>
                    </Platform>
                    <Platform Name="iOSDevice32">
                        <Operation>1</Operation>
                    </Platform>
                </DeployClass>
                <DeployClass Name="Android_SplashImage470">
                    <Platform Name="Android">
                        <RemoteDir>res\drawable-normal</RemoteDir>
                        <Operation>1</Operation>
                    </Platform>
                </DeployClass>
                <DeployClass Name="Android_LauncherIcon96">
                    <Platform Name="Android">
                        <RemoteDir>res\drawable-xhdpi</RemoteDir>
                        <Operation>1</Operation>
                    </Platform>
                </DeployClass>
                <DeployClass Name="Android_SplashImage640">
                    <Platform Name="Android">
                        <RemoteDir>res\drawable-large</RemoteDir>
                        <Operation>1</Operation>
                    </Platform>
                </DeployClass>
                <DeployClass Name="iPhone_Launch640x1136">
                    <Platform Name="iOSSimulator">
                        <Operation>1</Operation>
                    </Platform>
                    <Platform Name="iOSDevice64">
                        <Operation>1</Operation>
                    </Platform>
                    <Platform Name="iOSDevice32">
                        <Operation>1</Operation>
                    </Platform>
                </DeployClass>
                <DeployClass Name="ProjectiOSEntitlements">
                    <Platform Name="iOSDevice64">
                        <RemoteDir>../</RemoteDir>
                        <Operation>1</Operation>
                    </Platform>
                    <Platform Name="iOSDevice32">
                        <RemoteDir>../</RemoteDir>
                        <Operation>1</Operation>
                    </Platform>
                </DeployClass>
                <DeployClass Name="Android_LauncherIcon72">
                    <Platform Name="Android">
                        <RemoteDir>res\drawable-hdpi</RemoteDir>
                        <Operation>1</Operation>
                    </Platform>
                </DeployClass>
                <DeployClass Name="AndroidGDBServer">
                    <Platform Name="Android">
                        <RemoteDir>library\lib\armeabi-v7a</RemoteDir>
                        <Operation>1</Operation>
                    </Platform>
                </DeployClass>
                <DeployClass Name="ProjectOSXInfoPList">
                    <Platform Name="OSX32">
                        <RemoteDir>Contents</RemoteDir>
                        <Operation>1</Operation>
                    </Platform>
                </DeployClass>
                <DeployClass Name="ProjectOSXEntitlements">
                    <Platform Name="OSX32">
                        <RemoteDir>../</RemoteDir>
                        <Operation>1</Operation>
                    </Platform>
                </DeployClass>
                <DeployClass Name="iPad_Launch2048">
                    <Platform Name="iOSSimulator">
                        <Operation>1</Operation>
                    </Platform>
                    <Platform Name="iOSDevice64">
                        <Operation>1</Operation>
                    </Platform>
                    <Platform Name="iOSDevice32">
                        <Operation>1</Operation>
                    </Platform>
                </DeployClass>
                <DeployClass Name="AndroidSplashStyles">
                    <Platform Name="Android">
                        <RemoteDir>res\values</RemoteDir>
                        <Operation>1</Operation>
                    </Platform>
                </DeployClass>
                <DeployClass Name="Android_SplashImage426">
                    <Platform Name="Android">
                        <RemoteDir>res\drawable-small</RemoteDir>
                        <Operation>1</Operation>
                    </Platform>
                </DeployClass>
                <DeployClass Name="AndroidSplashImageDef">
                    <Platform Name="Android">
                        <RemoteDir>res\drawable</RemoteDir>
                        <Operation>1</Operation>
                    </Platform>
                </DeployClass>
                <DeployClass Name="ProjectiOSResource">
                    <Platform Name="iOSSimulator">
                        <Operation>1</Operation>
                    </Platform>
                    <Platform Name="iOSDevice64">
                        <Operation>1</Operation>
                    </Platform>
                    <Platform Name="iOSDevice32">
                        <Operation>1</Operation>
                    </Platform>
                </DeployClass>
                <DeployClass Name="ProjectAndroidManifest">
                    <Platform Name="Android">
                        <Operation>1</Operation>
                    </Platform>
                </DeployClass>
                <DeployClass Name="Android_DefaultAppIcon">
                    <Platform Name="Android">
                        <RemoteDir>res\drawable</RemoteDir>
                        <Operation>1</Operation>
                    </Platform>
                </DeployClass>
                <DeployClass Name="File">
                    <Platform Name="Win32">
                        <Operation>0</Operation>
                    </Platform>
                    <Platform Name="iOSDevice64">
                        <Operation>0</Operation>
                    </Platform>
                    <Platform Name="OSX32">
                        <RemoteDir>Contents\Resources\StartUp\</RemoteDir>
                        <Operation>0</Operation>
                    </Platform>
                    <Platform Name="iOSDevice32">
                        <Operation>0</Operation>
                    </Platform>
                    <Platform Name="Android">
                        <Operation>0</Operation>
                    </Platform>
                    <Platform Name="iOSSimulator">
                        <Operation>0</Operation>
                    </Platform>
                </DeployClass>
                <DeployClass Name="AndroidServiceOutput">
                    <Platform Name="Android">
                        <RemoteDir>library\lib\armeabi-v7a</RemoteDir>
                        <Operation>1</Operation>
                    </Platform>
                </DeployClass>
                <DeployClass Required="true" Name="DependencyPackage">
                    <Platform Name="Win32">
                        <Operation>0</Operation>
                        <Extensions>.bpl</Extensions>
                    </Platform>
                    <Platform Name="iOSDevice64">
                        <Operation>1</Operation>
                        <Extensions>.dylib</Extensions>
                    </Platform>
                    <Platform Name="OSX32">
                        <RemoteDir>Contents\MacOS</RemoteDir>
                        <Operation>1</Operation>
                        <Extensions>.dylib</Extensions>
                    </Platform>
                    <Platform Name="iOSDevice32">
                        <Operation>1</Operation>
                        <Extensions>.dylib</Extensions>
                    </Platform>
                    <Platform Name="iOSSimulator">
                        <Operation>1</Operation>
                        <Extensions>.dylib</Extensions>
                    </Platform>
                </DeployClass>
                <DeployClass Name="Android_LauncherIcon48">
                    <Platform Name="Android">
                        <RemoteDir>res\drawable-mdpi</RemoteDir>
                        <Operation>1</Operation>
                    </Platform>
                </DeployClass>
                <DeployClass Name="Android_SplashImage960">
                    <Platform Name="Android">
                        <RemoteDir>res\drawable-xlarge</RemoteDir>
                        <Operation>1</Operation>
                    </Platform>
                </DeployClass>
                <DeployClass Name="Android_LauncherIcon36">
                    <Platform Name="Android">
                        <RemoteDir>res\drawable-ldpi</RemoteDir>
                        <Operation>1</Operation>
                    </Platform>
                </DeployClass>
                <DeployClass Name="DependencyModule">
                    <Platform Name="Win32">
                        <Operation>0</Operation>
                        <Extensions>.dll;.bpl</Extensions>
                    </Platform>
                    <Platform Name="iOSDevice64">
                        <Operation>1</Operation>
                        <Extensions>.dylib</Extensions>
                    </Platform>
                    <Platform Name="OSX32">
                        <RemoteDir>Contents\MacOS</RemoteDir>
                        <Operation>1</Operation>
                        <Extensions>.dylib</Extensions>
                    </Platform>
                    <Platform Name="iOSDevice32">
                        <Operation>1</Operation>
                        <Extensions>.dylib</Extensions>
                    </Platform>
                    <Platform Name="iOSSimulator">
                        <Operation>1</Operation>
                        <Extensions>.dylib</Extensions>
                    </Platform>
                </DeployClass>
                <ProjectRoot Platform="iOSDevice64" Name="$(PROJECTNAME).app"/>
                <ProjectRoot Platform="Win64" Name="$(PROJECTNAME)"/>
                <ProjectRoot Platform="iOSDevice32" Name="$(PROJECTNAME).app"/>
                <ProjectRoot Platform="Win32" Name="$(PROJECTNAME)"/>
                <ProjectRoot Platform="OSX32" Name="$(PROJECTNAME).app"/>
                <ProjectRoot Platform="Android" Name="$(PROJECTNAME)"/>
                <ProjectRoot Platform="iOSSimulator" Name="$(PROJECTNAME).app"/>
            </Deployment>
            <Platforms>
                <Platform value="Android">True</Platform>
                <Platform value="Win32">True</Platform>
                <Platform value="Win64">True</Platform>
            </Platforms>
            <DataSnapProxyLookup>
                <M_Main_Class>{8214F4E1-2CCA-4E2C-9DBE-E614EEF868EA}</M_Main_Class>
            </DataSnapProxyLookup>
        </BorlandProject>
        <ProjectFileVersion>12</ProjectFileVersion>
    </ProjectExtensions>
    <Import Project="$(BDS)\Bin\CodeGear.Delphi.Targets" Condition="Exists('$(BDS)\Bin\CodeGear.Delphi.Targets')"/>
    <Import Project="$(APPDATA)\Embarcadero\$(BDSAPPDATABASEDIR)\$(PRODUCTVERSION)\UserTools.proj" Condition="Exists('$(APPDATA)\Embarcadero\$(BDSAPPDATABASEDIR)\$(PRODUCTVERSION)\UserTools.proj')"/>
    <Import Project="$(MSBuildProjectName).deployproj" Condition="Exists('$(MSBuildProjectName).deployproj')"/>
</Project>
